
Microsoft Visual Studio Solution File, Format Version 12.00
# Visual Studio 2012
Project("{FAE04EC0-301F-11D3-BF4B-00C04F79EFBC}") = "WebApplication4", "WebApplication4\WebApplication4.csproj", "{5F145CCE-B35E-4876-84D3-4842A3998A97}"
EndProject
Global
	GlobalSection(SolutionConfigurationPlatforms) = preSolution
		Debug|Any CPU = Debug|Any CPU
		Release|Any CPU = Release|Any CPU
	EndGlobalSection
	GlobalSection(ProjectConfigurationPlatforms) = postSolution
		{5F145CCE-B35E-4876-84D3-4842A3998A97}.Debug|Any CPU.ActiveCfg = Debug|Any CPU
		{5F145CCE-B35E-4876-84D3-4842A3998A97}.Debug|Any CPU.Build.0 = Debug|Any CPU
		{5F145CCE-B35E-4876-84D3-4842A3998A97}.Release|Any CPU.ActiveCfg = Release|Any CPU
		{5F145CCE-B35E-4876-84D3-4842A3998A97}.Release|Any CPU.Build.0 = Release|Any CPU
	EndGlobalSection
	GlobalSection(SolutionProperties) = preSolution
		HideSolutionNode = FALSE
	EndGlobalSection
EndGlobal
